
Microsoft Visual Studio Solution File, Format Version 12.00
# Visual Studio Version 17
VisualStudioVersion = 17.11.35103.136
MinimumVisualStudioVersion = 10.0.40219.1
Project("{2150E333-8FDC-42A3-9474-1A3956D46DE8}") = "src", "src", "{969E9CCB-9F9F-4FAD-8A78-AD135FFF85FE}"
EndProject
Project("{2150E333-8FDC-42A3-9474-1A3956D46DE8}") = "Catalog", "Catalog", "{A9044507-EDCF-4240-9109-6091EF5A7B1B}"
EndProject
Project("{9A19103F-16F7-4668-BE54-9A1E7A4F7556}") = "Catalog.API", "Catalog.API\Catalog.API.csproj", "{4AEF7FC2-6E0D-4399-BCB7-57B30B209124}"
EndProject
Project("{9A19103F-16F7-4668-BE54-9A1E7A4F7556}") = "Catalog.Domain", "Catalog.Domain\Catalog.Domain.csproj", "{6093AEE2-87F3-4795-9505-502EA4BFED0F}"
EndProject
Project("{9A19103F-16F7-4668-BE54-9A1E7A4F7556}") = "Catalog.Infrastructure", "Catalog.Infrastructure\Catalog.Infrastructure.csproj", "{1A42A110-2A3F-4632-A644-939C7B51D664}"
EndProject
Project("{2150E333-8FDC-42A3-9474-1A3956D46DE8}") = "Search", "Search", "{93BAB96B-5595-4111-A7F5-4E1B249CE233}"
EndProject
Project("{9A19103F-16F7-4668-BE54-9A1E7A4F7556}") = "Search.API", "Search.API\Search.API.csproj", "{4EB2FC86-468B-40A1-BBBF-D7B2D9C897E3}"
EndProject
Project("{2150E333-8FDC-42A3-9474-1A3956D46DE8}") = "Solution Items", "Solution Items", "{F4668E0C-7E0A-44E5-BC3D-7CC7A43A9B8F}"
	ProjectSection(SolutionItems) = preProject
		bucket-policy.json = bucket-policy.json
		docker-compose.yml = docker-compose.yml
		MigrationsText.txt = MigrationsText.txt
		policy.json = policy.json
		ReadMe.md = ReadMe.md
		secret.bat = secret.bat
	EndProjectSection
EndProject
Project("{9A19103F-16F7-4668-BE54-9A1E7A4F7556}") = "Search.Worker", "Search.Worker\Search.Worker.csproj", "{9499922E-5FC0-49AF-A62D-23E8CADC5BE6}"
EndProject
Project("{2150E333-8FDC-42A3-9474-1A3956D46DE8}") = "Contracts", "Contracts", "{44935FC9-F5AD-4EF1-A244-1F54CF0B62D1}"
EndProject
Project("{2150E333-8FDC-42A3-9474-1A3956D46DE8}") = "Chat", "Chat", "{094F1670-DFB7-4490-ACA7-9F42DF6D7842}"
EndProject
Project("{2150E333-8FDC-42A3-9474-1A3956D46DE8}") = "Location", "Location", "{F2944787-3F32-40C7-ABF3-C0AAC42298C6}"
EndProject
Project("{2150E333-8FDC-42A3-9474-1A3956D46DE8}") = "Notification", "Notification", "{EA0A980C-DD48-47CF-927C-9B337D93B449}"
EndProject
Project("{2150E333-8FDC-42A3-9474-1A3956D46DE8}") = "History", "History", "{AA4D9716-B69C-4E76-8703-A99C27F35FB5}"
EndProject
Project("{9A19103F-16F7-4668-BE54-9A1E7A4F7556}") = "Chat.API", "Chat.API\Chat.API.csproj", "{936FC7C7-DC70-4DEA-AE43-D62A2CA79074}"
EndProject
Project("{9A19103F-16F7-4668-BE54-9A1E7A4F7556}") = "History.API", "History.API\History.API.csproj", "{C9EC79CC-FE14-4FD5-BD82-16C13EC8A224}"
EndProject
Project("{9A19103F-16F7-4668-BE54-9A1E7A4F7556}") = "Location.API", "Location.API\Location.API.csproj", "{9033AD66-B226-4A20-A18F-5C0A02497CF6}"
EndProject
Project("{2150E333-8FDC-42A3-9474-1A3956D46DE8}") = "FileHub", "FileHub", "{AAFF29BB-7F98-47C5-9917-48D99DD28C42}"
EndProject
Project("{9A19103F-16F7-4668-BE54-9A1E7A4F7556}") = "FileHub.API", "FileHub.API\FileHub.API.csproj", "{0B93BC99-C52B-42CA-A939-080DE92CDE03}"
EndProject
Project("{2150E333-8FDC-42A3-9474-1A3956D46DE8}") = "Account", "Account", "{2EFE7B42-111A-477B-8299-8BC6A5253453}"
EndProject
Project("{9A19103F-16F7-4668-BE54-9A1E7A4F7556}") = "Account.API", "Account.API\Account.API.csproj", "{2A3AFE54-9A5D-4F74-937C-09708286E8F2}"
EndProject
Project("{9A19103F-16F7-4668-BE54-9A1E7A4F7556}") = "Account.Domain", "Account.Domain\Account.Domain.csproj", "{028CF449-5BFE-4EB9-A1FA-8777914AE3E6}"
EndProject
Project("{9A19103F-16F7-4668-BE54-9A1E7A4F7556}") = "Account.Infrastructure", "Account.Infrastructure\Account.Infrastructure.csproj", "{1800AD06-337F-4756-BFCE-F09D52161CBE}"
EndProject
Project("{2150E333-8FDC-42A3-9474-1A3956D46DE8}") = "Identity", "Identity", "{862B5D1C-51B4-45B0-913C-D8C8A298D72C}"
EndProject
Project("{9A19103F-16F7-4668-BE54-9A1E7A4F7556}") = "Identity.API", "Identity.API\Identity.API.csproj", "{C7CBC7CF-8D51-41B5-8739-1A85841257BD}"
EndProject
Project("{9A19103F-16F7-4668-BE54-9A1E7A4F7556}") = "Core", "Core\Core.csproj", "{2A122096-0773-44C9-84BD-96013DBA1207}"
EndProject
Project("{9A19103F-16F7-4668-BE54-9A1E7A4F7556}") = "Notification.Worker", "Notification.Worker\Notification.Worker.csproj", "{564DC712-90A9-41B7-B5F0-1E1395BC37A2}"
EndProject
Project("{2150E333-8FDC-42A3-9474-1A3956D46DE8}") = "Ordering", "Ordering", "{F037CEED-6056-4DDD-A8F7-996EFC0ED143}"
EndProject
Project("{9A19103F-16F7-4668-BE54-9A1E7A4F7556}") = "Ordering.Domain", "Ordering.Domain\Ordering.Domain.csproj", "{58DABCD6-928D-4A06-9D36-E9568E46165F}"
EndProject
Project("{9A19103F-16F7-4668-BE54-9A1E7A4F7556}") = "Ordering.API", "Ordering.API\Ordering.API.csproj", "{858C6123-A26C-4969-8533-01BEB776E715}"
EndProject
Project("{9A19103F-16F7-4668-BE54-9A1E7A4F7556}") = "Ordering.Infrastructure", "Ordering.Infrastructure\Ordering.Infrastructure.csproj", "{BD7ED4FF-F742-4CC3-9C0E-F0C81AED51BF}"
EndProject
Project("{FAE04EC0-301F-11D3-BF4B-00C04F79EFBC}") = "Location.Sender", "Location.Sender\Location.Sender.csproj", "{AE6DFFE7-2636-4FFE-B858-A728536F2C35}"
EndProject
Project("{2150E333-8FDC-42A3-9474-1A3956D46DE8}") = "Master", "Master", "{3FC082EF-2974-4B60-B261-E3F73A1E95C3}"
EndProject
Project("{FAE04EC0-301F-11D3-BF4B-00C04F79EFBC}") = "Master.Data.API", "Master.Data.API\Master.Data.API.csproj", "{5F128195-2B99-4D56-85CD-6A91407E4834}"
EndProject
Global
	GlobalSection(SolutionConfigurationPlatforms) = preSolution
		Debug|Any CPU = Debug|Any CPU
		Release|Any CPU = Release|Any CPU
	EndGlobalSection
	GlobalSection(ProjectConfigurationPlatforms) = postSolution
		{4AEF7FC2-6E0D-4399-BCB7-57B30B209124}.Debug|Any CPU.ActiveCfg = Debug|Any CPU
		{4AEF7FC2-6E0D-4399-BCB7-57B30B209124}.Debug|Any CPU.Build.0 = Debug|Any CPU
		{4AEF7FC2-6E0D-4399-BCB7-57B30B209124}.Release|Any CPU.ActiveCfg = Release|Any CPU
		{4AEF7FC2-6E0D-4399-BCB7-57B30B209124}.Release|Any CPU.Build.0 = Release|Any CPU
		{6093AEE2-87F3-4795-9505-502EA4BFED0F}.Debug|Any CPU.ActiveCfg = Debug|Any CPU
		{6093AEE2-87F3-4795-9505-502EA4BFED0F}.Debug|Any CPU.Build.0 = Debug|Any CPU
		{6093AEE2-87F3-4795-9505-502EA4BFED0F}.Release|Any CPU.ActiveCfg = Release|Any CPU
		{6093AEE2-87F3-4795-9505-502EA4BFED0F}.Release|Any CPU.Build.0 = Release|Any CPU
		{1A42A110-2A3F-4632-A644-939C7B51D664}.Debug|Any CPU.ActiveCfg = Debug|Any CPU
		{1A42A110-2A3F-4632-A644-939C7B51D664}.Debug|Any CPU.Build.0 = Debug|Any CPU
		{1A42A110-2A3F-4632-A644-939C7B51D664}.Release|Any CPU.ActiveCfg = Release|Any CPU
		{1A42A110-2A3F-4632-A644-939C7B51D664}.Release|Any CPU.Build.0 = Release|Any CPU
		{4EB2FC86-468B-40A1-BBBF-D7B2D9C897E3}.Debug|Any CPU.ActiveCfg = Debug|Any CPU
		{4EB2FC86-468B-40A1-BBBF-D7B2D9C897E3}.Debug|Any CPU.Build.0 = Debug|Any CPU
		{4EB2FC86-468B-40A1-BBBF-D7B2D9C897E3}.Release|Any CPU.ActiveCfg = Release|Any CPU
		{4EB2FC86-468B-40A1-BBBF-D7B2D9C897E3}.Release|Any CPU.Build.0 = Release|Any CPU
		{9499922E-5FC0-49AF-A62D-23E8CADC5BE6}.Debug|Any CPU.ActiveCfg = Debug|Any CPU
		{9499922E-5FC0-49AF-A62D-23E8CADC5BE6}.Debug|Any CPU.Build.0 = Debug|Any CPU
		{9499922E-5FC0-49AF-A62D-23E8CADC5BE6}.Release|Any CPU.ActiveCfg = Release|Any CPU
		{9499922E-5FC0-49AF-A62D-23E8CADC5BE6}.Release|Any CPU.Build.0 = Release|Any CPU
		{936FC7C7-DC70-4DEA-AE43-D62A2CA79074}.Debug|Any CPU.ActiveCfg = Debug|Any CPU
		{936FC7C7-DC70-4DEA-AE43-D62A2CA79074}.Debug|Any CPU.Build.0 = Debug|Any CPU
		{936FC7C7-DC70-4DEA-AE43-D62A2CA79074}.Release|Any CPU.ActiveCfg = Release|Any CPU
		{936FC7C7-DC70-4DEA-AE43-D62A2CA79074}.Release|Any CPU.Build.0 = Release|Any CPU
		{C9EC79CC-FE14-4FD5-BD82-16C13EC8A224}.Debug|Any CPU.ActiveCfg = Debug|Any CPU
		{C9EC79CC-FE14-4FD5-BD82-16C13EC8A224}.Debug|Any CPU.Build.0 = Debug|Any CPU
		{C9EC79CC-FE14-4FD5-BD82-16C13EC8A224}.Release|Any CPU.ActiveCfg = Release|Any CPU
		{C9EC79CC-FE14-4FD5-BD82-16C13EC8A224}.Release|Any CPU.Build.0 = Release|Any CPU
		{9033AD66-B226-4A20-A18F-5C0A02497CF6}.Debug|Any CPU.ActiveCfg = Debug|Any CPU
		{9033AD66-B226-4A20-A18F-5C0A02497CF6}.Debug|Any CPU.Build.0 = Debug|Any CPU
		{9033AD66-B226-4A20-A18F-5C0A02497CF6}.Release|Any CPU.ActiveCfg = Release|Any CPU
		{9033AD66-B226-4A20-A18F-5C0A02497CF6}.Release|Any CPU.Build.0 = Release|Any CPU
		{0B93BC99-C52B-42CA-A939-080DE92CDE03}.Debug|Any CPU.ActiveCfg = Debug|Any CPU
		{0B93BC99-C52B-42CA-A939-080DE92CDE03}.Debug|Any CPU.Build.0 = Debug|Any CPU
		{0B93BC99-C52B-42CA-A939-080DE92CDE03}.Release|Any CPU.ActiveCfg = Release|Any CPU
		{0B93BC99-C52B-42CA-A939-080DE92CDE03}.Release|Any CPU.Build.0 = Release|Any CPU
		{2A3AFE54-9A5D-4F74-937C-09708286E8F2}.Debug|Any CPU.ActiveCfg = Debug|Any CPU
		{2A3AFE54-9A5D-4F74-937C-09708286E8F2}.Debug|Any CPU.Build.0 = Debug|Any CPU
		{2A3AFE54-9A5D-4F74-937C-09708286E8F2}.Release|Any CPU.ActiveCfg = Release|Any CPU
		{2A3AFE54-9A5D-4F74-937C-09708286E8F2}.Release|Any CPU.Build.0 = Release|Any CPU
		{028CF449-5BFE-4EB9-A1FA-8777914AE3E6}.Debug|Any CPU.ActiveCfg = Debug|Any CPU
		{028CF449-5BFE-4EB9-A1FA-8777914AE3E6}.Debug|Any CPU.Build.0 = Debug|Any CPU
		{028CF449-5BFE-4EB9-A1FA-8777914AE3E6}.Release|Any CPU.ActiveCfg = Release|Any CPU
		{028CF449-5BFE-4EB9-A1FA-8777914AE3E6}.Release|Any CPU.Build.0 = Release|Any CPU
		{1800AD06-337F-4756-BFCE-F09D52161CBE}.Debug|Any CPU.ActiveCfg = Debug|Any CPU
		{1800AD06-337F-4756-BFCE-F09D52161CBE}.Debug|Any CPU.Build.0 = Debug|Any CPU
		{1800AD06-337F-4756-BFCE-F09D52161CBE}.Release|Any CPU.ActiveCfg = Release|Any CPU
		{1800AD06-337F-4756-BFCE-F09D52161CBE}.Release|Any CPU.Build.0 = Release|Any CPU
		{C7CBC7CF-8D51-41B5-8739-1A85841257BD}.Debug|Any CPU.ActiveCfg = Debug|Any CPU
		{C7CBC7CF-8D51-41B5-8739-1A85841257BD}.Debug|Any CPU.Build.0 = Debug|Any CPU
		{C7CBC7CF-8D51-41B5-8739-1A85841257BD}.Release|Any CPU.ActiveCfg = Release|Any CPU
		{C7CBC7CF-8D51-41B5-8739-1A85841257BD}.Release|Any CPU.Build.0 = Release|Any CPU
		{2A122096-0773-44C9-84BD-96013DBA1207}.Debug|Any CPU.ActiveCfg = Debug|Any CPU
		{2A122096-0773-44C9-84BD-96013DBA1207}.Debug|Any CPU.Build.0 = Debug|Any CPU
		{2A122096-0773-44C9-84BD-96013DBA1207}.Release|Any CPU.ActiveCfg = Release|Any CPU
		{2A122096-0773-44C9-84BD-96013DBA1207}.Release|Any CPU.Build.0 = Release|Any CPU
		{564DC712-90A9-41B7-B5F0-1E1395BC37A2}.Debug|Any CPU.ActiveCfg = Debug|Any CPU
		{564DC712-90A9-41B7-B5F0-1E1395BC37A2}.Debug|Any CPU.Build.0 = Debug|Any CPU
		{564DC712-90A9-41B7-B5F0-1E1395BC37A2}.Release|Any CPU.ActiveCfg = Release|Any CPU
		{564DC712-90A9-41B7-B5F0-1E1395BC37A2}.Release|Any CPU.Build.0 = Release|Any CPU
		{58DABCD6-928D-4A06-9D36-E9568E46165F}.Debug|Any CPU.ActiveCfg = Debug|Any CPU
		{58DABCD6-928D-4A06-9D36-E9568E46165F}.Debug|Any CPU.Build.0 = Debug|Any CPU
		{58DABCD6-928D-4A06-9D36-E9568E46165F}.Release|Any CPU.ActiveCfg = Release|Any CPU
		{58DABCD6-928D-4A06-9D36-E9568E46165F}.Release|Any CPU.Build.0 = Release|Any CPU
		{858C6123-A26C-4969-8533-01BEB776E715}.Debug|Any CPU.ActiveCfg = Debug|Any CPU
		{858C6123-A26C-4969-8533-01BEB776E715}.Debug|Any CPU.Build.0 = Debug|Any CPU
		{858C6123-A26C-4969-8533-01BEB776E715}.Release|Any CPU.ActiveCfg = Release|Any CPU
		{858C6123-A26C-4969-8533-01BEB776E715}.Release|Any CPU.Build.0 = Release|Any CPU
		{BD7ED4FF-F742-4CC3-9C0E-F0C81AED51BF}.Debug|Any CPU.ActiveCfg = Debug|Any CPU
		{BD7ED4FF-F742-4CC3-9C0E-F0C81AED51BF}.Debug|Any CPU.Build.0 = Debug|Any CPU
		{BD7ED4FF-F742-4CC3-9C0E-F0C81AED51BF}.Release|Any CPU.ActiveCfg = Release|Any CPU
		{BD7ED4FF-F742-4CC3-9C0E-F0C81AED51BF}.Release|Any CPU.Build.0 = Release|Any CPU
		{AE6DFFE7-2636-4FFE-B858-A728536F2C35}.Debug|Any CPU.ActiveCfg = Debug|Any CPU
		{AE6DFFE7-2636-4FFE-B858-A728536F2C35}.Debug|Any CPU.Build.0 = Debug|Any CPU
		{AE6DFFE7-2636-4FFE-B858-A728536F2C35}.Release|Any CPU.ActiveCfg = Release|Any CPU
		{AE6DFFE7-2636-4FFE-B858-A728536F2C35}.Release|Any CPU.Build.0 = Release|Any CPU
		{5F128195-2B99-4D56-85CD-6A91407E4834}.Debug|Any CPU.ActiveCfg = Debug|Any CPU
		{5F128195-2B99-4D56-85CD-6A91407E4834}.Debug|Any CPU.Build.0 = Debug|Any CPU
		{5F128195-2B99-4D56-85CD-6A91407E4834}.Release|Any CPU.ActiveCfg = Release|Any CPU
		{5F128195-2B99-4D56-85CD-6A91407E4834}.Release|Any CPU.Build.0 = Release|Any CPU
	EndGlobalSection
	GlobalSection(SolutionProperties) = preSolution
		HideSolutionNode = FALSE
	EndGlobalSection
	GlobalSection(NestedProjects) = preSolution
		{A9044507-EDCF-4240-9109-6091EF5A7B1B} = {969E9CCB-9F9F-4FAD-8A78-AD135FFF85FE}
		{4AEF7FC2-6E0D-4399-BCB7-57B30B209124} = {A9044507-EDCF-4240-9109-6091EF5A7B1B}
		{6093AEE2-87F3-4795-9505-502EA4BFED0F} = {A9044507-EDCF-4240-9109-6091EF5A7B1B}
		{1A42A110-2A3F-4632-A644-939C7B51D664} = {A9044507-EDCF-4240-9109-6091EF5A7B1B}
		{93BAB96B-5595-4111-A7F5-4E1B249CE233} = {969E9CCB-9F9F-4FAD-8A78-AD135FFF85FE}
		{4EB2FC86-468B-40A1-BBBF-D7B2D9C897E3} = {93BAB96B-5595-4111-A7F5-4E1B249CE233}
		{9499922E-5FC0-49AF-A62D-23E8CADC5BE6} = {93BAB96B-5595-4111-A7F5-4E1B249CE233}
		{44935FC9-F5AD-4EF1-A244-1F54CF0B62D1} = {969E9CCB-9F9F-4FAD-8A78-AD135FFF85FE}
		{094F1670-DFB7-4490-ACA7-9F42DF6D7842} = {969E9CCB-9F9F-4FAD-8A78-AD135FFF85FE}
		{F2944787-3F32-40C7-ABF3-C0AAC42298C6} = {969E9CCB-9F9F-4FAD-8A78-AD135FFF85FE}
		{EA0A980C-DD48-47CF-927C-9B337D93B449} = {969E9CCB-9F9F-4FAD-8A78-AD135FFF85FE}
		{AA4D9716-B69C-4E76-8703-A99C27F35FB5} = {969E9CCB-9F9F-4FAD-8A78-AD135FFF85FE}
		{936FC7C7-DC70-4DEA-AE43-D62A2CA79074} = {094F1670-DFB7-4490-ACA7-9F42DF6D7842}
		{C9EC79CC-FE14-4FD5-BD82-16C13EC8A224} = {AA4D9716-B69C-4E76-8703-A99C27F35FB5}
		{9033AD66-B226-4A20-A18F-5C0A02497CF6} = {F2944787-3F32-40C7-ABF3-C0AAC42298C6}
		{AAFF29BB-7F98-47C5-9917-48D99DD28C42} = {969E9CCB-9F9F-4FAD-8A78-AD135FFF85FE}
		{0B93BC99-C52B-42CA-A939-080DE92CDE03} = {AAFF29BB-7F98-47C5-9917-48D99DD28C42}
		{2EFE7B42-111A-477B-8299-8BC6A5253453} = {969E9CCB-9F9F-4FAD-8A78-AD135FFF85FE}
		{2A3AFE54-9A5D-4F74-937C-09708286E8F2} = {2EFE7B42-111A-477B-8299-8BC6A5253453}
		{028CF449-5BFE-4EB9-A1FA-8777914AE3E6} = {2EFE7B42-111A-477B-8299-8BC6A5253453}
		{1800AD06-337F-4756-BFCE-F09D52161CBE} = {2EFE7B42-111A-477B-8299-8BC6A5253453}
		{862B5D1C-51B4-45B0-913C-D8C8A298D72C} = {969E9CCB-9F9F-4FAD-8A78-AD135FFF85FE}
		{C7CBC7CF-8D51-41B5-8739-1A85841257BD} = {862B5D1C-51B4-45B0-913C-D8C8A298D72C}
		{2A122096-0773-44C9-84BD-96013DBA1207} = {44935FC9-F5AD-4EF1-A244-1F54CF0B62D1}
		{564DC712-90A9-41B7-B5F0-1E1395BC37A2} = {EA0A980C-DD48-47CF-927C-9B337D93B449}
		{F037CEED-6056-4DDD-A8F7-996EFC0ED143} = {969E9CCB-9F9F-4FAD-8A78-AD135FFF85FE}
		{58DABCD6-928D-4A06-9D36-E9568E46165F} = {F037CEED-6056-4DDD-A8F7-996EFC0ED143}
		{858C6123-A26C-4969-8533-01BEB776E715} = {F037CEED-6056-4DDD-A8F7-996EFC0ED143}
		{BD7ED4FF-F742-4CC3-9C0E-F0C81AED51BF} = {F037CEED-6056-4DDD-A8F7-996EFC0ED143}
		{AE6DFFE7-2636-4FFE-B858-A728536F2C35} = {F2944787-3F32-40C7-ABF3-C0AAC42298C6}
		{3FC082EF-2974-4B60-B261-E3F73A1E95C3} = {969E9CCB-9F9F-4FAD-8A78-AD135FFF85FE}
		{5F128195-2B99-4D56-85CD-6A91407E4834} = {3FC082EF-2974-4B60-B261-E3F73A1E95C3}
	EndGlobalSection
	GlobalSection(ExtensibilityGlobals) = postSolution
		SolutionGuid = {3F012C31-7F5E-479A-A242-C16A92A8448D}
	EndGlobalSection
EndGlobal
