
Microsoft Visual Studio Solution File, Format Version 12.00
# Visual Studio Version 17
VisualStudioVersion = 17.11.35103.136
MinimumVisualStudioVersion = 10.0.40219.1
Project("{2150E333-8FDC-42A3-9474-1A3956D46DE8}") = "src", "src", "{969E9CCB-9F9F-4FAD-8A78-AD135FFF85FE}"
EndProject
Project("{2150E333-8FDC-42A3-9474-1A3956D46DE8}") = "Catalog", "Catalog", "{A9044507-EDCF-4240-9109-6091EF5A7B1B}"
EndProject
Project("{9A19103F-16F7-4668-BE54-9A1E7A4F7556}") = "Catalog.API", "Catalog.API\Catalog.API.csproj", "{4AEF7FC2-6E0D-4399-BCB7-57B30B209124}"
EndProject
Project("{9A19103F-16F7-4668-BE54-9A1E7A4F7556}") = "Catalog.Domain", "Catalog.Domain\Catalog.Domain.csproj", "{6093AEE2-87F3-4795-9505-502EA4BFED0F}"
EndProject
Project("{9A19103F-16F7-4668-BE54-9A1E7A4F7556}") = "Catalog.Infrastructure", "Catalog.Infrastructure\Catalog.Infrastructure.csproj", "{1A42A110-2A3F-4632-A644-939C7B51D664}"
EndProject
Project("{2150E333-8FDC-42A3-9474-1A3956D46DE8}") = "tests", "tests", "{877CE680-2C71-437A-B502-B3A2E3A241AB}"
	ProjectSection(SolutionItems) = preProject
		load-test.js = load-test.js
	EndProjectSection
EndProject
Project("{2150E333-8FDC-42A3-9474-1A3956D46DE8}") = "Search", "Search", "{93BAB96B-5595-4111-A7F5-4E1B249CE233}"
EndProject
Project("{9A19103F-16F7-4668-BE54-9A1E7A4F7556}") = "Search.API", "Search.API\Search.API.csproj", "{4EB2FC86-468B-40A1-BBBF-D7B2D9C897E3}"
EndProject
Project("{2150E333-8FDC-42A3-9474-1A3956D46DE8}") = "Solution Items", "Solution Items", "{F4668E0C-7E0A-44E5-BC3D-7CC7A43A9B8F}"
	ProjectSection(SolutionItems) = preProject
		docker-compose.yml = docker-compose.yml
		aws-secret.bat = aws-secret.bat
		local-secret.bat = local-secret.bat
	EndProjectSection
EndProject
Project("{9A19103F-16F7-4668-BE54-9A1E7A4F7556}") = "Search.Worker", "Search.Worker\Search.Worker.csproj", "{9499922E-5FC0-49AF-A62D-23E8CADC5BE6}"
EndProject
Project("{9A19103F-16F7-4668-BE54-9A1E7A4F7556}") = "Catalog.Contracts", "Catalog.Contracts\Catalog.Contracts.csproj", "{C1C2F9A8-DE49-4D1A-A625-74C2A597C774}"
EndProject
Project("{2150E333-8FDC-42A3-9474-1A3956D46DE8}") = "Contracts", "Contracts", "{44935FC9-F5AD-4EF1-A244-1F54CF0B62D1}"
EndProject
Project("{2150E333-8FDC-42A3-9474-1A3956D46DE8}") = "Order", "Order", "{63C9E408-B7AF-4A2B-A5FB-7DD9BF754D4D}"
EndProject
Project("{9A19103F-16F7-4668-BE54-9A1E7A4F7556}") = "Order.History.API", "Order.History.API\Order.History.API.csproj", "{D35B350E-979C-4148-A958-7534283EA176}"
EndProject
Project("{9A19103F-16F7-4668-BE54-9A1E7A4F7556}") = "CatalogDataIntegrityTests", "CatalogDataIntegrityTests\CatalogDataIntegrityTests.csproj", "{C1142E00-5A50-43AD-8A94-2F82A53361C6}"
EndProject
Project("{2150E333-8FDC-42A3-9474-1A3956D46DE8}") = "Chat", "Chat", "{094F1670-DFB7-4490-ACA7-9F42DF6D7842}"
EndProject
Project("{2150E333-8FDC-42A3-9474-1A3956D46DE8}") = "Location", "Location", "{F2944787-3F32-40C7-ABF3-C0AAC42298C6}"
EndProject
Project("{2150E333-8FDC-42A3-9474-1A3956D46DE8}") = "Mechanic", "Mechanic", "{DEDF3F42-D46C-4AA3-B234-DCF537F155B9}"
EndProject
Project("{2150E333-8FDC-42A3-9474-1A3956D46DE8}") = "Notification", "Notification", "{EA0A980C-DD48-47CF-927C-9B337D93B449}"
EndProject
Project("{2150E333-8FDC-42A3-9474-1A3956D46DE8}") = "Payment", "Payment", "{798822C6-669F-487F-AEBF-C2AE0DDF590C}"
EndProject
Project("{2150E333-8FDC-42A3-9474-1A3956D46DE8}") = "User", "User", "{52832BFB-AA70-426F-BB35-90E6388806A9}"
EndProject
Project("{2150E333-8FDC-42A3-9474-1A3956D46DE8}") = "Vehicle", "Vehicle", "{64819444-A34A-4E52-A851-B7F98E98D278}"
EndProject
Project("{2150E333-8FDC-42A3-9474-1A3956D46DE8}") = "History", "History", "{AA4D9716-B69C-4E76-8703-A99C27F35FB5}"
EndProject
Project("{9A19103F-16F7-4668-BE54-9A1E7A4F7556}") = "Chat.API", "Chat.API\Chat.API.csproj", "{936FC7C7-DC70-4DEA-AE43-D62A2CA79074}"
EndProject
Project("{9A19103F-16F7-4668-BE54-9A1E7A4F7556}") = "History.API", "History.API\History.API.csproj", "{C9EC79CC-FE14-4FD5-BD82-16C13EC8A224}"
EndProject
Project("{9A19103F-16F7-4668-BE54-9A1E7A4F7556}") = "Location.API", "Location.API\Location.API.csproj", "{9033AD66-B226-4A20-A18F-5C0A02497CF6}"
EndProject
Project("{9A19103F-16F7-4668-BE54-9A1E7A4F7556}") = "Mechanic.API", "Mechanic.API\Mechanic.API.csproj", "{23965572-C222-47F2-8C6F-9C77A76CA5D8}"
EndProject
Project("{9A19103F-16F7-4668-BE54-9A1E7A4F7556}") = "User.API", "User.API\User.API.csproj", "{A77EB231-BA85-4514-B439-4BF51ECDC7B5}"
EndProject
Project("{9A19103F-16F7-4668-BE54-9A1E7A4F7556}") = "Vehicle.API", "Vehicle.API\Vehicle.API.csproj", "{89FAAB7A-CBEC-4E06-AD33-C63CE2AEC9A5}"
EndProject
Project("{9A19103F-16F7-4668-BE54-9A1E7A4F7556}") = "Payment.API", "Payment.API\Payment.API.csproj", "{E8C10BC0-0149-4458-8918-9F2EAC5358E5}"
EndProject
Project("{2150E333-8FDC-42A3-9474-1A3956D46DE8}") = "Web.Hook", "Web.Hook", "{19B99398-F806-4E54-875E-E586E8A40FFA}"
EndProject
Project("{9A19103F-16F7-4668-BE54-9A1E7A4F7556}") = "WebHook.API", "WebHook.API\WebHook.API.csproj", "{71AE6D06-E2E9-43EC-81DE-56B0ACF4BD88}"
EndProject
Project("{9A19103F-16F7-4668-BE54-9A1E7A4F7556}") = "Notification.Worker", "Notification.Worker\Notification.Worker.csproj", "{88C50879-58EB-42A2-9020-731E389D922C}"
EndProject
Project("{2150E333-8FDC-42A3-9474-1A3956D46DE8}") = "FileHub", "FileHub", "{AAFF29BB-7F98-47C5-9917-48D99DD28C42}"
EndProject
Project("{9A19103F-16F7-4668-BE54-9A1E7A4F7556}") = "FileHub.API", "FileHub.API\FileHub.API.csproj", "{0B93BC99-C52B-42CA-A939-080DE92CDE03}"
EndProject
Project("{2150E333-8FDC-42A3-9474-1A3956D46DE8}") = "Shared", "Shared", "{78ECC197-6AB0-4D1B-9635-1D29A79BD31F}"
EndProject
Project("{9A19103F-16F7-4668-BE54-9A1E7A4F7556}") = "TimedGuid", "TimedGuid\TimedGuid.csproj", "{ED108B3E-95D8-4046-97C8-404ED44C3E8C}"
EndProject
Project("{2150E333-8FDC-42A3-9474-1A3956D46DE8}") = "Account", "Account", "{2EFE7B42-111A-477B-8299-8BC6A5253453}"
EndProject
Project("{9A19103F-16F7-4668-BE54-9A1E7A4F7556}") = "Account.API", "Account.API\Account.API.csproj", "{2A3AFE54-9A5D-4F74-937C-09708286E8F2}"
EndProject
Project("{9A19103F-16F7-4668-BE54-9A1E7A4F7556}") = "Account.Domain", "Account.Domain\Account.Domain.csproj", "{028CF449-5BFE-4EB9-A1FA-8777914AE3E6}"
EndProject
Project("{9A19103F-16F7-4668-BE54-9A1E7A4F7556}") = "Account.Infrastructure", "Account.Infrastructure\Account.Infrastructure.csproj", "{1800AD06-337F-4756-BFCE-F09D52161CBE}"
EndProject
Project("{9A19103F-16F7-4668-BE54-9A1E7A4F7556}") = "Notification.Domain", "Notification.Domain\Notification.Domain.csproj", "{910B3686-621F-45EA-8D39-06A8DBAEE793}"
EndProject
Project("{2150E333-8FDC-42A3-9474-1A3956D46DE8}") = "Identity", "Identity", "{19841F06-34B7-4E82-BDCD-CA63C07BFEA3}"
EndProject
Project("{9A19103F-16F7-4668-BE54-9A1E7A4F7556}") = "Identity.Domain", "Identity.Domain\Identity.Domain.csproj", "{0ED10E74-E735-4DA3-9E6A-6DB3B32432CC}"
EndProject
Project("{9A19103F-16F7-4668-BE54-9A1E7A4F7556}") = "BaseIntegrationEvent", "BaseIntegrationEvent\BaseIntegrationEvent.csproj", "{CBF14363-6E29-498F-BD76-E7CF58FA2A44}"
EndProject
Project("{9A19103F-16F7-4668-BE54-9A1E7A4F7556}") = "Account.Contracts", "Account.Contracts\Account.Contracts.csproj", "{624C57F2-A321-4EC6-A1B6-1DE65D43722B}"
EndProject
Project("{9A19103F-16F7-4668-BE54-9A1E7A4F7556}") = "Identity.API", "Identity.API\Identity.API.csproj", "{629EB325-2E58-4ABA-A7C7-33B48C8B3730}"
EndProject
Global
	GlobalSection(SolutionConfigurationPlatforms) = preSolution
		Debug|Any CPU = Debug|Any CPU
		Release|Any CPU = Release|Any CPU
	EndGlobalSection
	GlobalSection(ProjectConfigurationPlatforms) = postSolution
		{4AEF7FC2-6E0D-4399-BCB7-57B30B209124}.Debug|Any CPU.ActiveCfg = Debug|Any CPU
		{4AEF7FC2-6E0D-4399-BCB7-57B30B209124}.Debug|Any CPU.Build.0 = Debug|Any CPU
		{4AEF7FC2-6E0D-4399-BCB7-57B30B209124}.Release|Any CPU.ActiveCfg = Release|Any CPU
		{4AEF7FC2-6E0D-4399-BCB7-57B30B209124}.Release|Any CPU.Build.0 = Release|Any CPU
		{6093AEE2-87F3-4795-9505-502EA4BFED0F}.Debug|Any CPU.ActiveCfg = Debug|Any CPU
		{6093AEE2-87F3-4795-9505-502EA4BFED0F}.Debug|Any CPU.Build.0 = Debug|Any CPU
		{6093AEE2-87F3-4795-9505-502EA4BFED0F}.Release|Any CPU.ActiveCfg = Release|Any CPU
		{6093AEE2-87F3-4795-9505-502EA4BFED0F}.Release|Any CPU.Build.0 = Release|Any CPU
		{1A42A110-2A3F-4632-A644-939C7B51D664}.Debug|Any CPU.ActiveCfg = Debug|Any CPU
		{1A42A110-2A3F-4632-A644-939C7B51D664}.Debug|Any CPU.Build.0 = Debug|Any CPU
		{1A42A110-2A3F-4632-A644-939C7B51D664}.Release|Any CPU.ActiveCfg = Release|Any CPU
		{1A42A110-2A3F-4632-A644-939C7B51D664}.Release|Any CPU.Build.0 = Release|Any CPU
		{4EB2FC86-468B-40A1-BBBF-D7B2D9C897E3}.Debug|Any CPU.ActiveCfg = Debug|Any CPU
		{4EB2FC86-468B-40A1-BBBF-D7B2D9C897E3}.Debug|Any CPU.Build.0 = Debug|Any CPU
		{4EB2FC86-468B-40A1-BBBF-D7B2D9C897E3}.Release|Any CPU.ActiveCfg = Release|Any CPU
		{4EB2FC86-468B-40A1-BBBF-D7B2D9C897E3}.Release|Any CPU.Build.0 = Release|Any CPU
		{9499922E-5FC0-49AF-A62D-23E8CADC5BE6}.Debug|Any CPU.ActiveCfg = Debug|Any CPU
		{9499922E-5FC0-49AF-A62D-23E8CADC5BE6}.Debug|Any CPU.Build.0 = Debug|Any CPU
		{9499922E-5FC0-49AF-A62D-23E8CADC5BE6}.Release|Any CPU.ActiveCfg = Release|Any CPU
		{9499922E-5FC0-49AF-A62D-23E8CADC5BE6}.Release|Any CPU.Build.0 = Release|Any CPU
		{C1C2F9A8-DE49-4D1A-A625-74C2A597C774}.Debug|Any CPU.ActiveCfg = Debug|Any CPU
		{C1C2F9A8-DE49-4D1A-A625-74C2A597C774}.Debug|Any CPU.Build.0 = Debug|Any CPU
		{C1C2F9A8-DE49-4D1A-A625-74C2A597C774}.Release|Any CPU.ActiveCfg = Release|Any CPU
		{C1C2F9A8-DE49-4D1A-A625-74C2A597C774}.Release|Any CPU.Build.0 = Release|Any CPU
		{D35B350E-979C-4148-A958-7534283EA176}.Debug|Any CPU.ActiveCfg = Debug|Any CPU
		{D35B350E-979C-4148-A958-7534283EA176}.Debug|Any CPU.Build.0 = Debug|Any CPU
		{D35B350E-979C-4148-A958-7534283EA176}.Release|Any CPU.ActiveCfg = Release|Any CPU
		{D35B350E-979C-4148-A958-7534283EA176}.Release|Any CPU.Build.0 = Release|Any CPU
		{C1142E00-5A50-43AD-8A94-2F82A53361C6}.Debug|Any CPU.ActiveCfg = Debug|Any CPU
		{C1142E00-5A50-43AD-8A94-2F82A53361C6}.Debug|Any CPU.Build.0 = Debug|Any CPU
		{C1142E00-5A50-43AD-8A94-2F82A53361C6}.Release|Any CPU.ActiveCfg = Release|Any CPU
		{C1142E00-5A50-43AD-8A94-2F82A53361C6}.Release|Any CPU.Build.0 = Release|Any CPU
		{936FC7C7-DC70-4DEA-AE43-D62A2CA79074}.Debug|Any CPU.ActiveCfg = Debug|Any CPU
		{936FC7C7-DC70-4DEA-AE43-D62A2CA79074}.Debug|Any CPU.Build.0 = Debug|Any CPU
		{936FC7C7-DC70-4DEA-AE43-D62A2CA79074}.Release|Any CPU.ActiveCfg = Release|Any CPU
		{936FC7C7-DC70-4DEA-AE43-D62A2CA79074}.Release|Any CPU.Build.0 = Release|Any CPU
		{C9EC79CC-FE14-4FD5-BD82-16C13EC8A224}.Debug|Any CPU.ActiveCfg = Debug|Any CPU
		{C9EC79CC-FE14-4FD5-BD82-16C13EC8A224}.Debug|Any CPU.Build.0 = Debug|Any CPU
		{C9EC79CC-FE14-4FD5-BD82-16C13EC8A224}.Release|Any CPU.ActiveCfg = Release|Any CPU
		{C9EC79CC-FE14-4FD5-BD82-16C13EC8A224}.Release|Any CPU.Build.0 = Release|Any CPU
		{9033AD66-B226-4A20-A18F-5C0A02497CF6}.Debug|Any CPU.ActiveCfg = Debug|Any CPU
		{9033AD66-B226-4A20-A18F-5C0A02497CF6}.Debug|Any CPU.Build.0 = Debug|Any CPU
		{9033AD66-B226-4A20-A18F-5C0A02497CF6}.Release|Any CPU.ActiveCfg = Release|Any CPU
		{9033AD66-B226-4A20-A18F-5C0A02497CF6}.Release|Any CPU.Build.0 = Release|Any CPU
		{23965572-C222-47F2-8C6F-9C77A76CA5D8}.Debug|Any CPU.ActiveCfg = Debug|Any CPU
		{23965572-C222-47F2-8C6F-9C77A76CA5D8}.Debug|Any CPU.Build.0 = Debug|Any CPU
		{23965572-C222-47F2-8C6F-9C77A76CA5D8}.Release|Any CPU.ActiveCfg = Release|Any CPU
		{23965572-C222-47F2-8C6F-9C77A76CA5D8}.Release|Any CPU.Build.0 = Release|Any CPU
		{A77EB231-BA85-4514-B439-4BF51ECDC7B5}.Debug|Any CPU.ActiveCfg = Debug|Any CPU
		{A77EB231-BA85-4514-B439-4BF51ECDC7B5}.Debug|Any CPU.Build.0 = Debug|Any CPU
		{A77EB231-BA85-4514-B439-4BF51ECDC7B5}.Release|Any CPU.ActiveCfg = Release|Any CPU
		{A77EB231-BA85-4514-B439-4BF51ECDC7B5}.Release|Any CPU.Build.0 = Release|Any CPU
		{89FAAB7A-CBEC-4E06-AD33-C63CE2AEC9A5}.Debug|Any CPU.ActiveCfg = Debug|Any CPU
		{89FAAB7A-CBEC-4E06-AD33-C63CE2AEC9A5}.Debug|Any CPU.Build.0 = Debug|Any CPU
		{89FAAB7A-CBEC-4E06-AD33-C63CE2AEC9A5}.Release|Any CPU.ActiveCfg = Release|Any CPU
		{89FAAB7A-CBEC-4E06-AD33-C63CE2AEC9A5}.Release|Any CPU.Build.0 = Release|Any CPU
		{E8C10BC0-0149-4458-8918-9F2EAC5358E5}.Debug|Any CPU.ActiveCfg = Debug|Any CPU
		{E8C10BC0-0149-4458-8918-9F2EAC5358E5}.Debug|Any CPU.Build.0 = Debug|Any CPU
		{E8C10BC0-0149-4458-8918-9F2EAC5358E5}.Release|Any CPU.ActiveCfg = Release|Any CPU
		{E8C10BC0-0149-4458-8918-9F2EAC5358E5}.Release|Any CPU.Build.0 = Release|Any CPU
		{71AE6D06-E2E9-43EC-81DE-56B0ACF4BD88}.Debug|Any CPU.ActiveCfg = Debug|Any CPU
		{71AE6D06-E2E9-43EC-81DE-56B0ACF4BD88}.Debug|Any CPU.Build.0 = Debug|Any CPU
		{71AE6D06-E2E9-43EC-81DE-56B0ACF4BD88}.Release|Any CPU.ActiveCfg = Release|Any CPU
		{71AE6D06-E2E9-43EC-81DE-56B0ACF4BD88}.Release|Any CPU.Build.0 = Release|Any CPU
		{88C50879-58EB-42A2-9020-731E389D922C}.Debug|Any CPU.ActiveCfg = Debug|Any CPU
		{88C50879-58EB-42A2-9020-731E389D922C}.Debug|Any CPU.Build.0 = Debug|Any CPU
		{88C50879-58EB-42A2-9020-731E389D922C}.Release|Any CPU.ActiveCfg = Release|Any CPU
		{88C50879-58EB-42A2-9020-731E389D922C}.Release|Any CPU.Build.0 = Release|Any CPU
		{0B93BC99-C52B-42CA-A939-080DE92CDE03}.Debug|Any CPU.ActiveCfg = Debug|Any CPU
		{0B93BC99-C52B-42CA-A939-080DE92CDE03}.Debug|Any CPU.Build.0 = Debug|Any CPU
		{0B93BC99-C52B-42CA-A939-080DE92CDE03}.Release|Any CPU.ActiveCfg = Release|Any CPU
		{0B93BC99-C52B-42CA-A939-080DE92CDE03}.Release|Any CPU.Build.0 = Release|Any CPU
		{ED108B3E-95D8-4046-97C8-404ED44C3E8C}.Debug|Any CPU.ActiveCfg = Debug|Any CPU
		{ED108B3E-95D8-4046-97C8-404ED44C3E8C}.Debug|Any CPU.Build.0 = Debug|Any CPU
		{ED108B3E-95D8-4046-97C8-404ED44C3E8C}.Release|Any CPU.ActiveCfg = Release|Any CPU
		{ED108B3E-95D8-4046-97C8-404ED44C3E8C}.Release|Any CPU.Build.0 = Release|Any CPU
		{2A3AFE54-9A5D-4F74-937C-09708286E8F2}.Debug|Any CPU.ActiveCfg = Debug|Any CPU
		{2A3AFE54-9A5D-4F74-937C-09708286E8F2}.Debug|Any CPU.Build.0 = Debug|Any CPU
		{2A3AFE54-9A5D-4F74-937C-09708286E8F2}.Release|Any CPU.ActiveCfg = Release|Any CPU
		{2A3AFE54-9A5D-4F74-937C-09708286E8F2}.Release|Any CPU.Build.0 = Release|Any CPU
		{028CF449-5BFE-4EB9-A1FA-8777914AE3E6}.Debug|Any CPU.ActiveCfg = Debug|Any CPU
		{028CF449-5BFE-4EB9-A1FA-8777914AE3E6}.Debug|Any CPU.Build.0 = Debug|Any CPU
		{028CF449-5BFE-4EB9-A1FA-8777914AE3E6}.Release|Any CPU.ActiveCfg = Release|Any CPU
		{028CF449-5BFE-4EB9-A1FA-8777914AE3E6}.Release|Any CPU.Build.0 = Release|Any CPU
		{1800AD06-337F-4756-BFCE-F09D52161CBE}.Debug|Any CPU.ActiveCfg = Debug|Any CPU
		{1800AD06-337F-4756-BFCE-F09D52161CBE}.Debug|Any CPU.Build.0 = Debug|Any CPU
		{1800AD06-337F-4756-BFCE-F09D52161CBE}.Release|Any CPU.ActiveCfg = Release|Any CPU
		{1800AD06-337F-4756-BFCE-F09D52161CBE}.Release|Any CPU.Build.0 = Release|Any CPU
		{910B3686-621F-45EA-8D39-06A8DBAEE793}.Debug|Any CPU.ActiveCfg = Debug|Any CPU
		{910B3686-621F-45EA-8D39-06A8DBAEE793}.Debug|Any CPU.Build.0 = Debug|Any CPU
		{910B3686-621F-45EA-8D39-06A8DBAEE793}.Release|Any CPU.ActiveCfg = Release|Any CPU
		{910B3686-621F-45EA-8D39-06A8DBAEE793}.Release|Any CPU.Build.0 = Release|Any CPU
		{0ED10E74-E735-4DA3-9E6A-6DB3B32432CC}.Debug|Any CPU.ActiveCfg = Debug|Any CPU
		{0ED10E74-E735-4DA3-9E6A-6DB3B32432CC}.Debug|Any CPU.Build.0 = Debug|Any CPU
		{0ED10E74-E735-4DA3-9E6A-6DB3B32432CC}.Release|Any CPU.ActiveCfg = Release|Any CPU
		{0ED10E74-E735-4DA3-9E6A-6DB3B32432CC}.Release|Any CPU.Build.0 = Release|Any CPU
		{CBF14363-6E29-498F-BD76-E7CF58FA2A44}.Debug|Any CPU.ActiveCfg = Debug|Any CPU
		{CBF14363-6E29-498F-BD76-E7CF58FA2A44}.Debug|Any CPU.Build.0 = Debug|Any CPU
		{CBF14363-6E29-498F-BD76-E7CF58FA2A44}.Release|Any CPU.ActiveCfg = Release|Any CPU
		{CBF14363-6E29-498F-BD76-E7CF58FA2A44}.Release|Any CPU.Build.0 = Release|Any CPU
		{624C57F2-A321-4EC6-A1B6-1DE65D43722B}.Debug|Any CPU.ActiveCfg = Debug|Any CPU
		{624C57F2-A321-4EC6-A1B6-1DE65D43722B}.Debug|Any CPU.Build.0 = Debug|Any CPU
		{624C57F2-A321-4EC6-A1B6-1DE65D43722B}.Release|Any CPU.ActiveCfg = Release|Any CPU
		{624C57F2-A321-4EC6-A1B6-1DE65D43722B}.Release|Any CPU.Build.0 = Release|Any CPU
		{629EB325-2E58-4ABA-A7C7-33B48C8B3730}.Debug|Any CPU.ActiveCfg = Debug|Any CPU
		{629EB325-2E58-4ABA-A7C7-33B48C8B3730}.Debug|Any CPU.Build.0 = Debug|Any CPU
		{629EB325-2E58-4ABA-A7C7-33B48C8B3730}.Release|Any CPU.ActiveCfg = Release|Any CPU
		{629EB325-2E58-4ABA-A7C7-33B48C8B3730}.Release|Any CPU.Build.0 = Release|Any CPU
	EndGlobalSection
	GlobalSection(SolutionProperties) = preSolution
		HideSolutionNode = FALSE
	EndGlobalSection
	GlobalSection(NestedProjects) = preSolution
		{A9044507-EDCF-4240-9109-6091EF5A7B1B} = {969E9CCB-9F9F-4FAD-8A78-AD135FFF85FE}
		{4AEF7FC2-6E0D-4399-BCB7-57B30B209124} = {A9044507-EDCF-4240-9109-6091EF5A7B1B}
		{6093AEE2-87F3-4795-9505-502EA4BFED0F} = {A9044507-EDCF-4240-9109-6091EF5A7B1B}
		{1A42A110-2A3F-4632-A644-939C7B51D664} = {A9044507-EDCF-4240-9109-6091EF5A7B1B}
		{93BAB96B-5595-4111-A7F5-4E1B249CE233} = {969E9CCB-9F9F-4FAD-8A78-AD135FFF85FE}
		{4EB2FC86-468B-40A1-BBBF-D7B2D9C897E3} = {93BAB96B-5595-4111-A7F5-4E1B249CE233}
		{9499922E-5FC0-49AF-A62D-23E8CADC5BE6} = {93BAB96B-5595-4111-A7F5-4E1B249CE233}
		{C1C2F9A8-DE49-4D1A-A625-74C2A597C774} = {44935FC9-F5AD-4EF1-A244-1F54CF0B62D1}
		{44935FC9-F5AD-4EF1-A244-1F54CF0B62D1} = {969E9CCB-9F9F-4FAD-8A78-AD135FFF85FE}
		{63C9E408-B7AF-4A2B-A5FB-7DD9BF754D4D} = {969E9CCB-9F9F-4FAD-8A78-AD135FFF85FE}
		{D35B350E-979C-4148-A958-7534283EA176} = {63C9E408-B7AF-4A2B-A5FB-7DD9BF754D4D}
		{C1142E00-5A50-43AD-8A94-2F82A53361C6} = {877CE680-2C71-437A-B502-B3A2E3A241AB}
		{094F1670-DFB7-4490-ACA7-9F42DF6D7842} = {969E9CCB-9F9F-4FAD-8A78-AD135FFF85FE}
		{F2944787-3F32-40C7-ABF3-C0AAC42298C6} = {969E9CCB-9F9F-4FAD-8A78-AD135FFF85FE}
		{DEDF3F42-D46C-4AA3-B234-DCF537F155B9} = {969E9CCB-9F9F-4FAD-8A78-AD135FFF85FE}
		{EA0A980C-DD48-47CF-927C-9B337D93B449} = {969E9CCB-9F9F-4FAD-8A78-AD135FFF85FE}
		{798822C6-669F-487F-AEBF-C2AE0DDF590C} = {969E9CCB-9F9F-4FAD-8A78-AD135FFF85FE}
		{52832BFB-AA70-426F-BB35-90E6388806A9} = {969E9CCB-9F9F-4FAD-8A78-AD135FFF85FE}
		{64819444-A34A-4E52-A851-B7F98E98D278} = {969E9CCB-9F9F-4FAD-8A78-AD135FFF85FE}
		{AA4D9716-B69C-4E76-8703-A99C27F35FB5} = {969E9CCB-9F9F-4FAD-8A78-AD135FFF85FE}
		{936FC7C7-DC70-4DEA-AE43-D62A2CA79074} = {094F1670-DFB7-4490-ACA7-9F42DF6D7842}
		{C9EC79CC-FE14-4FD5-BD82-16C13EC8A224} = {AA4D9716-B69C-4E76-8703-A99C27F35FB5}
		{9033AD66-B226-4A20-A18F-5C0A02497CF6} = {F2944787-3F32-40C7-ABF3-C0AAC42298C6}
		{23965572-C222-47F2-8C6F-9C77A76CA5D8} = {DEDF3F42-D46C-4AA3-B234-DCF537F155B9}
		{A77EB231-BA85-4514-B439-4BF51ECDC7B5} = {52832BFB-AA70-426F-BB35-90E6388806A9}
		{89FAAB7A-CBEC-4E06-AD33-C63CE2AEC9A5} = {64819444-A34A-4E52-A851-B7F98E98D278}
		{E8C10BC0-0149-4458-8918-9F2EAC5358E5} = {798822C6-669F-487F-AEBF-C2AE0DDF590C}
		{19B99398-F806-4E54-875E-E586E8A40FFA} = {969E9CCB-9F9F-4FAD-8A78-AD135FFF85FE}
		{71AE6D06-E2E9-43EC-81DE-56B0ACF4BD88} = {19B99398-F806-4E54-875E-E586E8A40FFA}
		{88C50879-58EB-42A2-9020-731E389D922C} = {EA0A980C-DD48-47CF-927C-9B337D93B449}
		{AAFF29BB-7F98-47C5-9917-48D99DD28C42} = {969E9CCB-9F9F-4FAD-8A78-AD135FFF85FE}
		{0B93BC99-C52B-42CA-A939-080DE92CDE03} = {AAFF29BB-7F98-47C5-9917-48D99DD28C42}
		{78ECC197-6AB0-4D1B-9635-1D29A79BD31F} = {969E9CCB-9F9F-4FAD-8A78-AD135FFF85FE}
		{ED108B3E-95D8-4046-97C8-404ED44C3E8C} = {78ECC197-6AB0-4D1B-9635-1D29A79BD31F}
		{2EFE7B42-111A-477B-8299-8BC6A5253453} = {969E9CCB-9F9F-4FAD-8A78-AD135FFF85FE}
		{2A3AFE54-9A5D-4F74-937C-09708286E8F2} = {2EFE7B42-111A-477B-8299-8BC6A5253453}
		{028CF449-5BFE-4EB9-A1FA-8777914AE3E6} = {2EFE7B42-111A-477B-8299-8BC6A5253453}
		{1800AD06-337F-4756-BFCE-F09D52161CBE} = {2EFE7B42-111A-477B-8299-8BC6A5253453}
		{910B3686-621F-45EA-8D39-06A8DBAEE793} = {EA0A980C-DD48-47CF-927C-9B337D93B449}
		{19841F06-34B7-4E82-BDCD-CA63C07BFEA3} = {969E9CCB-9F9F-4FAD-8A78-AD135FFF85FE}
		{0ED10E74-E735-4DA3-9E6A-6DB3B32432CC} = {19841F06-34B7-4E82-BDCD-CA63C07BFEA3}
		{CBF14363-6E29-498F-BD76-E7CF58FA2A44} = {44935FC9-F5AD-4EF1-A244-1F54CF0B62D1}
		{624C57F2-A321-4EC6-A1B6-1DE65D43722B} = {44935FC9-F5AD-4EF1-A244-1F54CF0B62D1}
		{629EB325-2E58-4ABA-A7C7-33B48C8B3730} = {19841F06-34B7-4E82-BDCD-CA63C07BFEA3}
	EndGlobalSection
	GlobalSection(ExtensibilityGlobals) = postSolution
		SolutionGuid = {3F012C31-7F5E-479A-A242-C16A92A8448D}
	EndGlobalSection
EndGlobal
